
Microsoft Visual Studio Solution File, Format Version 12.00
# Visual Studio Express 2013 for Windows Desktop
VisualStudioVersion = 12.0.30110.0
MinimumVisualStudioVersion = 10.0.40219.1
Project("{FAE04EC0-301F-11D3-BF4B-00C04F79EFBC}") = "Haskellable", "Haskellable\Haskellable.csproj", "{A8E56399-C55D-486C-B6A9-B15F82FF3F70}"
EndProject
Project("{FAE04EC0-301F-11D3-BF4B-00C04F79EFBC}") = "Haskellable.SandBox", "Haskellable.SandBox\Haskellable.SandBox.csproj", "{E72C6030-B080-47E0-BCAB-5A682F381A5D}"
EndProject
Project("{FAE04EC0-301F-11D3-BF4B-00C04F79EFBC}") = "Haskellable.Test", "Haskellable.Test\Haskellable.Test.csproj", "{955A8038-E99A-42B0-B64A-E36F31926DBC}"
EndProject
Global
	GlobalSection(SolutionConfigurationPlatforms) = preSolution
		Debug|Any CPU = Debug|Any CPU
		Release|Any CPU = Release|Any CPU
	EndGlobalSection
	GlobalSection(ProjectConfigurationPlatforms) = postSolution
		{A8E56399-C55D-486C-B6A9-B15F82FF3F70}.Debug|Any CPU.ActiveCfg = Debug|Any CPU
		{A8E56399-C55D-486C-B6A9-B15F82FF3F70}.Debug|Any CPU.Build.0 = Debug|Any CPU
		{A8E56399-C55D-486C-B6A9-B15F82FF3F70}.Release|Any CPU.ActiveCfg = Release|Any CPU
		{A8E56399-C55D-486C-B6A9-B15F82FF3F70}.Release|Any CPU.Build.0 = Release|Any CPU
		{E72C6030-B080-47E0-BCAB-5A682F381A5D}.Debug|Any CPU.ActiveCfg = Debug|Any CPU
		{E72C6030-B080-47E0-BCAB-5A682F381A5D}.Debug|Any CPU.Build.0 = Debug|Any CPU
		{E72C6030-B080-47E0-BCAB-5A682F381A5D}.Release|Any CPU.ActiveCfg = Release|Any CPU
		{E72C6030-B080-47E0-BCAB-5A682F381A5D}.Release|Any CPU.Build.0 = Release|Any CPU
		{955A8038-E99A-42B0-B64A-E36F31926DBC}.Debug|Any CPU.ActiveCfg = Debug|Any CPU
		{955A8038-E99A-42B0-B64A-E36F31926DBC}.Debug|Any CPU.Build.0 = Debug|Any CPU
		{955A8038-E99A-42B0-B64A-E36F31926DBC}.Release|Any CPU.ActiveCfg = Release|Any CPU
		{955A8038-E99A-42B0-B64A-E36F31926DBC}.Release|Any CPU.Build.0 = Release|Any CPU
	EndGlobalSection
	GlobalSection(SolutionProperties) = preSolution
		HideSolutionNode = FALSE
	EndGlobalSection
EndGlobal
